
Microsoft Visual Studio Solution File, Format Version 12.00
# Visual Studio Version 16
VisualStudioVersion = 16.0.31105.61
MinimumVisualStudioVersion = 10.0.40219.1
Project("{8BC9CEB8-8B4A-11D0-8D11-00A0C91BC942}") = "CMSC_124-Project", "CMSC_124-Project.vcxproj", "{428B99D1-1234-4F9D-8676-6EE12D52380A}"
EndProject
Global
	GlobalSection(SolutionConfigurationPlatforms) = preSolution
		Debug|x64 = Debug|x64
		Debug|x86 = Debug|x86
		Release|x64 = Release|x64
		Release|x86 = Release|x86
	EndGlobalSection
	GlobalSection(ProjectConfigurationPlatforms) = postSolution
		{428B99D1-1234-4F9D-8676-6EE12D52380A}.Debug|x64.ActiveCfg = Debug|x64
		{428B99D1-1234-4F9D-8676-6EE12D52380A}.Debug|x64.Build.0 = Debug|x64
		{428B99D1-1234-4F9D-8676-6EE12D52380A}.Debug|x86.ActiveCfg = Debug|Win32
		{428B99D1-1234-4F9D-8676-6EE12D52380A}.Debug|x86.Build.0 = Debug|Win32
		{428B99D1-1234-4F9D-8676-6EE12D52380A}.Release|x64.ActiveCfg = Release|x64
		{428B99D1-1234-4F9D-8676-6EE12D52380A}.Release|x64.Build.0 = Release|x64
		{428B99D1-1234-4F9D-8676-6EE12D52380A}.Release|x86.ActiveCfg = Release|Win32
		{428B99D1-1234-4F9D-8676-6EE12D52380A}.Release|x86.Build.0 = Release|Win32
	EndGlobalSection
	GlobalSection(SolutionProperties) = preSolution
		HideSolutionNode = FALSE
	EndGlobalSection
	GlobalSection(ExtensibilityGlobals) = postSolution
		SolutionGuid = {094E9FA3-A9D8-435C-A65D-DFA47F8E7128}
	EndGlobalSection
EndGlobal
